{
  "name": "todoie",
  "version": "0.1.0",
  "lockfileVersion": 3,
  "requires": true,
  "packages": {
    "": {
      "name": "todoie",
      "version": "0.1.0",
      "license": "MIT",
      "dependencies": {
        "i-html-element": "^0.1.0"
      }
    },
    "node_modules/i-html-element": {
      "version": "0.1.0",
      "resolved": "https://registry.npmjs.org/i-html-element/-/i-html-element-0.1.0.tgz",
      "integrity": "sha512-OD97Gq3/GM+G+RJXtMOKggPnPQh4G/o5QQ+rD+K8Wpb59necB2i0UsFx5sejbKqpbaNxK/CP+BVAkk5h4pC/0Q=="
    }
  }
}
